
Microsoft Visual Studio Solution File, Format Version 12.00
# Visual Studio Version 17
VisualStudioVersion = 17.3.32901.215
MinimumVisualStudioVersion = 10.0.40219.1
Project("{FAE04EC0-301F-11D3-BF4B-00C04F79EFBC}") = "EmailSender", "EmailSender\EmailSender.csproj", "{9F27AC65-6CD2-4B08-A9D4-0B583A6DEC14}"
EndProject
Global
	GlobalSection(SolutionConfigurationPlatforms) = preSolution
		Debug|Any CPU = Debug|Any CPU
		Release|Any CPU = Release|Any CPU
	EndGlobalSection
	GlobalSection(ProjectConfigurationPlatforms) = postSolution
		{9F27AC65-6CD2-4B08-A9D4-0B583A6DEC14}.Debug|Any CPU.ActiveCfg = Debug|Any CPU
		{9F27AC65-6CD2-4B08-A9D4-0B583A6DEC14}.Debug|Any CPU.Build.0 = Debug|Any CPU
		{9F27AC65-6CD2-4B08-A9D4-0B583A6DEC14}.Release|Any CPU.ActiveCfg = Release|Any CPU
		{9F27AC65-6CD2-4B08-A9D4-0B583A6DEC14}.Release|Any CPU.Build.0 = Release|Any CPU
	EndGlobalSection
	GlobalSection(SolutionProperties) = preSolution
		HideSolutionNode = FALSE
	EndGlobalSection
	GlobalSection(ExtensibilityGlobals) = postSolution
		SolutionGuid = {057ED8E7-EE16-44E5-AF24-BE66CF21AA15}
	EndGlobalSection
EndGlobal
